
Microsoft Visual Studio Solution File, Format Version 12.00
# Visual Studio Version 17
VisualStudioVersion = 17.7.34221.43
MinimumVisualStudioVersion = 10.0.40219.1
Project("{FAE04EC0-301F-11D3-BF4B-00C04F79EFBC}") = "ECO Start-Stop System", "ECO Start-Stop System\ECO Start-Stop System.csproj", "{0B08DDDA-9D9A-4290-9ADB-EAA92A0AF065}"
EndProject
Global
	GlobalSection(SolutionConfigurationPlatforms) = preSolution
		Debug|Any CPU = Debug|Any CPU
		Release|Any CPU = Release|Any CPU
	EndGlobalSection
	GlobalSection(ProjectConfigurationPlatforms) = postSolution
		{0B08DDDA-9D9A-4290-9ADB-EAA92A0AF065}.Debug|Any CPU.ActiveCfg = Debug|Any CPU
		{0B08DDDA-9D9A-4290-9ADB-EAA92A0AF065}.Debug|Any CPU.Build.0 = Debug|Any CPU
		{0B08DDDA-9D9A-4290-9ADB-EAA92A0AF065}.Release|Any CPU.ActiveCfg = Release|Any CPU
		{0B08DDDA-9D9A-4290-9ADB-EAA92A0AF065}.Release|Any CPU.Build.0 = Release|Any CPU
	EndGlobalSection
	GlobalSection(SolutionProperties) = preSolution
		HideSolutionNode = FALSE
	EndGlobalSection
	GlobalSection(ExtensibilityGlobals) = postSolution
		SolutionGuid = {F65EC78E-7373-496D-8D2F-DF351806485F}
	EndGlobalSection
EndGlobal
